
Microsoft Visual Studio Solution File, Format Version 12.00
Project("{FAE04EC0-301F-11D3-BF4B-00C04F79EFBC}") = "Mission5Assignment", "Mission5Assignment\Mission5Assignment.csproj", "{F5EC7D9A-59C1-4552-BE7D-024519521889}"
EndProject
Global
	GlobalSection(SolutionConfigurationPlatforms) = preSolution
		Debug|Any CPU = Debug|Any CPU
		Release|Any CPU = Release|Any CPU
	EndGlobalSection
	GlobalSection(ProjectConfigurationPlatforms) = postSolution
		{F5EC7D9A-59C1-4552-BE7D-024519521889}.Debug|Any CPU.ActiveCfg = Debug|Any CPU
		{F5EC7D9A-59C1-4552-BE7D-024519521889}.Debug|Any CPU.Build.0 = Debug|Any CPU
		{F5EC7D9A-59C1-4552-BE7D-024519521889}.Release|Any CPU.ActiveCfg = Release|Any CPU
		{F5EC7D9A-59C1-4552-BE7D-024519521889}.Release|Any CPU.Build.0 = Release|Any CPU
	EndGlobalSection
EndGlobal
